
Microsoft Visual Studio Solution File, Format Version 12.00
# Visual Studio Version 17
VisualStudioVersion = 17.1.32228.430
MinimumVisualStudioVersion = 10.0.40219.1
Project("{9A19103F-16F7-4668-BE54-9A1E7A4F7556}") = "CommandsService", "CommandsService\CommandsService.csproj", "{1BD71466-7F24-490B-A84F-4DD21BBA0987}"
EndProject
Project("{9A19103F-16F7-4668-BE54-9A1E7A4F7556}") = "PlatformService", "PlatformService\PlatformService.csproj", "{6ECA7714-A56D-4585-8911-52C5EE01EDAE}"
EndProject
Global
	GlobalSection(SolutionConfigurationPlatforms) = preSolution
		Debug|Any CPU = Debug|Any CPU
		Release|Any CPU = Release|Any CPU
	EndGlobalSection
	GlobalSection(ProjectConfigurationPlatforms) = postSolution
		{1BD71466-7F24-490B-A84F-4DD21BBA0987}.Debug|Any CPU.ActiveCfg = Debug|Any CPU
		{1BD71466-7F24-490B-A84F-4DD21BBA0987}.Debug|Any CPU.Build.0 = Debug|Any CPU
		{1BD71466-7F24-490B-A84F-4DD21BBA0987}.Release|Any CPU.ActiveCfg = Release|Any CPU
		{1BD71466-7F24-490B-A84F-4DD21BBA0987}.Release|Any CPU.Build.0 = Release|Any CPU
		{6ECA7714-A56D-4585-8911-52C5EE01EDAE}.Debug|Any CPU.ActiveCfg = Debug|Any CPU
		{6ECA7714-A56D-4585-8911-52C5EE01EDAE}.Debug|Any CPU.Build.0 = Debug|Any CPU
		{6ECA7714-A56D-4585-8911-52C5EE01EDAE}.Release|Any CPU.ActiveCfg = Release|Any CPU
		{6ECA7714-A56D-4585-8911-52C5EE01EDAE}.Release|Any CPU.Build.0 = Release|Any CPU
	EndGlobalSection
	GlobalSection(SolutionProperties) = preSolution
		HideSolutionNode = FALSE
	EndGlobalSection
	GlobalSection(ExtensibilityGlobals) = postSolution
		SolutionGuid = {46302094-3CF2-4382-B47C-478DA1EA7F75}
	EndGlobalSection
EndGlobal
